
Microsoft Visual Studio Solution File, Format Version 12.00
# Visual Studio Version 16
VisualStudioVersion = 16.0.31025.194
MinimumVisualStudioVersion = 10.0.40219.1
Project("{FAE04EC0-301F-11D3-BF4B-00C04F79EFBC}") = "HashProg", "HashProg\HashProg.csproj", "{5A14BDEE-F650-44DC-A45B-C0CE35F163F5}"
EndProject
Project("{FAE04EC0-301F-11D3-BF4B-00C04F79EFBC}") = "HashCreate", "HashCreate\HashCreate.csproj", "{F2463201-83B9-4D60-B05B-C20F5E14AEC8}"
EndProject
Project("{FAE04EC0-301F-11D3-BF4B-00C04F79EFBC}") = "HashCreatorTest", "HashCreatorTest\HashCreatorTest.csproj", "{4E975B64-0C06-45EB-8F76-EA1E4A0AB22C}"
EndProject
Project("{FAE04EC0-301F-11D3-BF4B-00C04F79EFBC}") = "WpfHash", "WpfHash\WpfHash.csproj", "{26D696E6-578E-4AD6-A590-9B5C3E60BCF5}"
EndProject
Global
	GlobalSection(SolutionConfigurationPlatforms) = preSolution
		Debug|Any CPU = Debug|Any CPU
		Release|Any CPU = Release|Any CPU
	EndGlobalSection
	GlobalSection(ProjectConfigurationPlatforms) = postSolution
		{5A14BDEE-F650-44DC-A45B-C0CE35F163F5}.Debug|Any CPU.ActiveCfg = Debug|Any CPU
		{5A14BDEE-F650-44DC-A45B-C0CE35F163F5}.Debug|Any CPU.Build.0 = Debug|Any CPU
		{5A14BDEE-F650-44DC-A45B-C0CE35F163F5}.Release|Any CPU.ActiveCfg = Release|Any CPU
		{5A14BDEE-F650-44DC-A45B-C0CE35F163F5}.Release|Any CPU.Build.0 = Release|Any CPU
		{F2463201-83B9-4D60-B05B-C20F5E14AEC8}.Debug|Any CPU.ActiveCfg = Debug|Any CPU
		{F2463201-83B9-4D60-B05B-C20F5E14AEC8}.Debug|Any CPU.Build.0 = Debug|Any CPU
		{F2463201-83B9-4D60-B05B-C20F5E14AEC8}.Release|Any CPU.ActiveCfg = Release|Any CPU
		{F2463201-83B9-4D60-B05B-C20F5E14AEC8}.Release|Any CPU.Build.0 = Release|Any CPU
		{4E975B64-0C06-45EB-8F76-EA1E4A0AB22C}.Debug|Any CPU.ActiveCfg = Debug|Any CPU
		{4E975B64-0C06-45EB-8F76-EA1E4A0AB22C}.Debug|Any CPU.Build.0 = Debug|Any CPU
		{4E975B64-0C06-45EB-8F76-EA1E4A0AB22C}.Release|Any CPU.ActiveCfg = Release|Any CPU
		{4E975B64-0C06-45EB-8F76-EA1E4A0AB22C}.Release|Any CPU.Build.0 = Release|Any CPU
		{26D696E6-578E-4AD6-A590-9B5C3E60BCF5}.Debug|Any CPU.ActiveCfg = Debug|Any CPU
		{26D696E6-578E-4AD6-A590-9B5C3E60BCF5}.Debug|Any CPU.Build.0 = Debug|Any CPU
		{26D696E6-578E-4AD6-A590-9B5C3E60BCF5}.Release|Any CPU.ActiveCfg = Release|Any CPU
		{26D696E6-578E-4AD6-A590-9B5C3E60BCF5}.Release|Any CPU.Build.0 = Release|Any CPU
	EndGlobalSection
	GlobalSection(SolutionProperties) = preSolution
		HideSolutionNode = FALSE
	EndGlobalSection
	GlobalSection(ExtensibilityGlobals) = postSolution
		SolutionGuid = {08F5B45B-5A64-4DE2-8C68-1C1D226C672F}
	EndGlobalSection
EndGlobal
