
Microsoft Visual Studio Solution File, Format Version 12.00
# Visual Studio Version 16
VisualStudioVersion = 16.0.31025.194
MinimumVisualStudioVersion = 10.0.40219.1
Project("{FAE04EC0-301F-11D3-BF4B-00C04F79EFBC}") = "HashProg", "HashProg\HashProg.csproj", "{5A14BDEE-F650-44DC-A45B-C0CE35F163F5}"
EndProject
Global
	GlobalSection(SolutionConfigurationPlatforms) = preSolution
		Debug|Any CPU = Debug|Any CPU
		Release|Any CPU = Release|Any CPU
	EndGlobalSection
	GlobalSection(ProjectConfigurationPlatforms) = postSolution
		{5A14BDEE-F650-44DC-A45B-C0CE35F163F5}.Debug|Any CPU.ActiveCfg = Debug|Any CPU
		{5A14BDEE-F650-44DC-A45B-C0CE35F163F5}.Debug|Any CPU.Build.0 = Debug|Any CPU
		{5A14BDEE-F650-44DC-A45B-C0CE35F163F5}.Release|Any CPU.ActiveCfg = Release|Any CPU
		{5A14BDEE-F650-44DC-A45B-C0CE35F163F5}.Release|Any CPU.Build.0 = Release|Any CPU
	EndGlobalSection
	GlobalSection(SolutionProperties) = preSolution
		HideSolutionNode = FALSE
	EndGlobalSection
	GlobalSection(ExtensibilityGlobals) = postSolution
		SolutionGuid = {08F5B45B-5A64-4DE2-8C68-1C1D226C672F}
	EndGlobalSection
EndGlobal
