
Microsoft Visual Studio Solution File, Format Version 12.00
# Visual Studio 14
VisualStudioVersion = 14.0.25420.1
MinimumVisualStudioVersion = 10.0.40219.1
Project("{FAE04EC0-301F-11D3-BF4B-00C04F79EFBC}") = "AutoOOP", "AutoOOP\AutoOOP.csproj", "{09525FB0-0BF5-4F9A-92B2-A0FFCA726FD1}"
EndProject
Global
	GlobalSection(SolutionConfigurationPlatforms) = preSolution
		Debug|Any CPU = Debug|Any CPU
		Release|Any CPU = Release|Any CPU
	EndGlobalSection
	GlobalSection(ProjectConfigurationPlatforms) = postSolution
		{09525FB0-0BF5-4F9A-92B2-A0FFCA726FD1}.Debug|Any CPU.ActiveCfg = Debug|Any CPU
		{09525FB0-0BF5-4F9A-92B2-A0FFCA726FD1}.Debug|Any CPU.Build.0 = Debug|Any CPU
		{09525FB0-0BF5-4F9A-92B2-A0FFCA726FD1}.Release|Any CPU.ActiveCfg = Release|Any CPU
		{09525FB0-0BF5-4F9A-92B2-A0FFCA726FD1}.Release|Any CPU.Build.0 = Release|Any CPU
	EndGlobalSection
	GlobalSection(SolutionProperties) = preSolution
		HideSolutionNode = FALSE
	EndGlobalSection
EndGlobal
