
Microsoft Visual Studio Solution File, Format Version 12.00
# Visual Studio Version 16
VisualStudioVersion = 16.0.31105.61
MinimumVisualStudioVersion = 10.0.40219.1
Project("{FAE04EC0-301F-11D3-BF4B-00C04F79EFBC}") = "SeleniumTest", "SeleniumTest\SeleniumTest.csproj", "{46110674-6922-4CDC-89BE-DE45BD6C0303}"
EndProject
Global
	GlobalSection(SolutionConfigurationPlatforms) = preSolution
		Debug|Any CPU = Debug|Any CPU
		Release|Any CPU = Release|Any CPU
	EndGlobalSection
	GlobalSection(ProjectConfigurationPlatforms) = postSolution
		{46110674-6922-4CDC-89BE-DE45BD6C0303}.Debug|Any CPU.ActiveCfg = Debug|Any CPU
		{46110674-6922-4CDC-89BE-DE45BD6C0303}.Debug|Any CPU.Build.0 = Debug|Any CPU
		{46110674-6922-4CDC-89BE-DE45BD6C0303}.Release|Any CPU.ActiveCfg = Release|Any CPU
		{46110674-6922-4CDC-89BE-DE45BD6C0303}.Release|Any CPU.Build.0 = Release|Any CPU
	EndGlobalSection
	GlobalSection(SolutionProperties) = preSolution
		HideSolutionNode = FALSE
	EndGlobalSection
	GlobalSection(ExtensibilityGlobals) = postSolution
		SolutionGuid = {B2667F13-B2D8-45CA-87ED-BEBD44E6DB92}
	EndGlobalSection
EndGlobal
