
Microsoft Visual Studio Solution File, Format Version 12.00
# Visual Studio Version 16
VisualStudioVersion = 16.0.30523.141
MinimumVisualStudioVersion = 10.0.40219.1
Project("{FAE04EC0-301F-11D3-BF4B-00C04F79EFBC}") = "WpfTwoWayBind", "WpfTwoWayBind\WpfTwoWayBind.csproj", "{E25BF19D-E90E-4F3A-A576-5DA8B91A0B17}"
EndProject
Global
	GlobalSection(SolutionConfigurationPlatforms) = preSolution
		Debug|Any CPU = Debug|Any CPU
		Release|Any CPU = Release|Any CPU
	EndGlobalSection
	GlobalSection(ProjectConfigurationPlatforms) = postSolution
		{E25BF19D-E90E-4F3A-A576-5DA8B91A0B17}.Debug|Any CPU.ActiveCfg = Debug|Any CPU
		{E25BF19D-E90E-4F3A-A576-5DA8B91A0B17}.Debug|Any CPU.Build.0 = Debug|Any CPU
		{E25BF19D-E90E-4F3A-A576-5DA8B91A0B17}.Release|Any CPU.ActiveCfg = Release|Any CPU
		{E25BF19D-E90E-4F3A-A576-5DA8B91A0B17}.Release|Any CPU.Build.0 = Release|Any CPU
	EndGlobalSection
	GlobalSection(SolutionProperties) = preSolution
		HideSolutionNode = FALSE
	EndGlobalSection
	GlobalSection(ExtensibilityGlobals) = postSolution
		SolutionGuid = {FE5E1871-F74C-4D4F-9FF1-1D42AF591525}
	EndGlobalSection
EndGlobal
