
Microsoft Visual Studio Solution File, Format Version 12.00
# Visual Studio Version 16
VisualStudioVersion = 16.0.31129.286
MinimumVisualStudioVersion = 10.0.40219.1
Project("{FAE04EC0-301F-11D3-BF4B-00C04F79EFBC}") = "Mintavizsga2020", "Mintavizsga2020\Mintavizsga2020.csproj", "{17E44073-0838-43A7-A200-5D768CEE456D}"
EndProject
Global
	GlobalSection(SolutionConfigurationPlatforms) = preSolution
		Debug|Any CPU = Debug|Any CPU
		Release|Any CPU = Release|Any CPU
	EndGlobalSection
	GlobalSection(ProjectConfigurationPlatforms) = postSolution
		{17E44073-0838-43A7-A200-5D768CEE456D}.Debug|Any CPU.ActiveCfg = Debug|Any CPU
		{17E44073-0838-43A7-A200-5D768CEE456D}.Debug|Any CPU.Build.0 = Debug|Any CPU
		{17E44073-0838-43A7-A200-5D768CEE456D}.Release|Any CPU.ActiveCfg = Release|Any CPU
		{17E44073-0838-43A7-A200-5D768CEE456D}.Release|Any CPU.Build.0 = Release|Any CPU
	EndGlobalSection
	GlobalSection(SolutionProperties) = preSolution
		HideSolutionNode = FALSE
	EndGlobalSection
	GlobalSection(ExtensibilityGlobals) = postSolution
		SolutionGuid = {FDDD4231-FC04-4B03-97D8-59161E3BC801}
	EndGlobalSection
EndGlobal
